
Microsoft Visual Studio Solution File, Format Version 12.00
# Visual Studio Version 17
VisualStudioVersion = 17.5.33516.290
MinimumVisualStudioVersion = 10.0.40219.1
Project("{FAE04EC0-301F-11D3-BF4B-00C04F79EFBC}") = "TelegramNotifier", "TelegramNotifier\TelegramNotifier.csproj", "{D77043AA-A6C9-47ED-AB44-B8D27EC4F957}"
EndProject
Global
	GlobalSection(SolutionConfigurationPlatforms) = preSolution
		Debug|Any CPU = Debug|Any CPU
		Release|Any CPU = Release|Any CPU
	EndGlobalSection
	GlobalSection(ProjectConfigurationPlatforms) = postSolution
		{D77043AA-A6C9-47ED-AB44-B8D27EC4F957}.Debug|Any CPU.ActiveCfg = Debug|Any CPU
		{D77043AA-A6C9-47ED-AB44-B8D27EC4F957}.Debug|Any CPU.Build.0 = Debug|Any CPU
		{D77043AA-A6C9-47ED-AB44-B8D27EC4F957}.Release|Any CPU.ActiveCfg = Release|Any CPU
		{D77043AA-A6C9-47ED-AB44-B8D27EC4F957}.Release|Any CPU.Build.0 = Release|Any CPU
	EndGlobalSection
	GlobalSection(SolutionProperties) = preSolution
		HideSolutionNode = FALSE
	EndGlobalSection
	GlobalSection(ExtensibilityGlobals) = postSolution
		SolutionGuid = {7A43C10F-E497-4C52-BED0-8631399B5B53}
	EndGlobalSection
EndGlobal
